// !$*UTF8*$!
{
	archiveVersion = 1;
	classes = {
	};
	objectVersion = 56;
	objects = {

/* Begin PBXBuildFile section */
		7B0C24F429B21A1A0024D171 /* AppDelegate.swift in Sources */ = {isa = PBXBuildFile; fileRef = 7B0C24F329B21A1A0024D171 /* AppDelegate.swift */; };
		7B0C24F629B21A1A0024D171 /* SceneDelegate.swift in Sources */ = {isa = PBXBuildFile; fileRef = 7B0C24F529B21A1A0024D171 /* SceneDelegate.swift */; };
		7B0C24FB29B21A1A0024D171 /* Main.storyboard in Resources */ = {isa = PBXBuildFile; fileRef = 7B0C24F929B21A1A0024D171 /* Main.storyboard */; };
		7B0C24FD29B21A1B0024D171 /* Assets.xcassets in Resources */ = {isa = PBXBuildFile; fileRef = 7B0C24FC29B21A1B0024D171 /* Assets.xcassets */; };
		7B0C250029B21A1B0024D171 /* LaunchScreen.storyboard in Resources */ = {isa = PBXBuildFile; fileRef = 7B0C24FE29B21A1B0024D171 /* LaunchScreen.storyboard */; };
		7BA0CFE629B38D64007EEA44 /* EmojiTableViewCell.swift in Sources */ = {isa = PBXBuildFile; fileRef = 7BA0CFE529B38D64007EEA44 /* EmojiTableViewCell.swift */; };
		7BA0CFE829B3935B007EEA44 /* EditEmojiTableViewController.swift in Sources */ = {isa = PBXBuildFile; fileRef = 7BA0CFE729B3935B007EEA44 /* EditEmojiTableViewController.swift */; };
		7BF1D24A29B21CF700897494 /* EmojiTableViewController.swift in Sources */ = {isa = PBXBuildFile; fileRef = 7BF1D24929B21CF700897494 /* EmojiTableViewController.swift */; };
		7BF1D25029B21D5400897494 /* EmojiModel.swift in Sources */ = {isa = PBXBuildFile; fileRef = 7BF1D24F29B21D5400897494 /* EmojiModel.swift */; };
/* End PBXBuildFile section */

/* Begin PBXFileReference section */
		7B0C24F029B21A1A0024D171 /* TableViewTekrar.app */ = {isa = PBXFileReference; explicitFileType = wrapper.application; includeInIndex = 0; path = TableViewTekrar.app; sourceTree = BUILT_PRODUCTS_DIR; };
		7B0C24F329B21A1A0024D171 /* AppDelegate.swift */ = {isa = PBXFileReference; lastKnownFileType = sourcecode.swift; path = AppDelegate.swift; sourceTree = "<group>"; };
		7B0C24F529B21A1A0024D171 /* SceneDelegate.swift */ = {isa = PBXFileReference; lastKnownFileType = sourcecode.swift; path = SceneDelegate.swift; sourceTree = "<group>"; };
		7B0C24FA29B21A1A0024D171 /* Base */ = {isa = PBXFileReference; lastKnownFileType = file.storyboard; name = Base; path = Base.lproj/Main.storyboard; sourceTree = "<group>"; };
		7B0C24FC29B21A1B0024D171 /* Assets.xcassets */ = {isa = PBXFileReference; lastKnownFileType = folder.assetcatalog; path = Assets.xcassets; sourceTree = "<group>"; };
		7B0C24FF29B21A1B0024D171 /* Base */ = {isa = PBXFileReference; lastKnownFileType = file.storyboard; name = Base; path = Base.lproj/LaunchScreen.storyboard; sourceTree = "<group>"; };
		7B0C250129B21A1B0024D171 /* Info.plist */ = {isa = PBXFileReference; lastKnownFileType = text.plist.xml; path = Info.plist; sourceTree = "<group>"; };
		7BA0CFE529B38D64007EEA44 /* EmojiTableViewCell.swift */ = {isa = PBXFileReference; lastKnownFileType = sourcecode.swift; path = EmojiTableViewCell.swift; sourceTree = "<group>"; };
		7BA0CFE729B3935B007EEA44 /* EditEmojiTableViewController.swift */ = {isa = PBXFileReference; lastKnownFileType = sourcecode.swift; path = EditEmojiTableViewController.swift; sourceTree = "<group>"; };
		7BF1D24929B21CF700897494 /* EmojiTableViewController.swift */ = {isa = PBXFileReference; lastKnownFileType = sourcecode.swift; path = EmojiTableViewController.swift; sourceTree = "<group>"; };
		7BF1D24F29B21D5400897494 /* EmojiModel.swift */ = {isa = PBXFileReference; lastKnownFileType = sourcecode.swift; path = EmojiModel.swift; sourceTree = "<group>"; };
/* End PBXFileReference section */

/* Begin PBXFrameworksBuildPhase section */
		7B0C24ED29B21A1A0024D171 /* Frameworks */ = {
			isa = PBXFrameworksBuildPhase;
			buildActionMask = 2147483647;
			files = (
			);
			runOnlyForDeploymentPostprocessing = 0;
		};
/* End PBXFrameworksBuildPhase section */

/* Begin PBXGroup section */
		7B0C24E729B21A1A0024D171 = {
			isa = PBXGroup;
			children = (
				7B0C24F229B21A1A0024D171 /* TableViewTekrar */,
				7B0C24F129B21A1A0024D171 /* Products */,
			);
			sourceTree = "<group>";
		};
		7B0C24F129B21A1A0024D171 /* Products */ = {
			isa = PBXGroup;
			children = (
				7B0C24F029B21A1A0024D171 /* TableViewTekrar.app */,
			);
			name = Products;
			sourceTree = "<group>";
		};
		7B0C24F229B21A1A0024D171 /* TableViewTekrar */ = {
			isa = PBXGroup;
			children = (
				7BF1D24E29B21D4A00897494 /* Models */,
				7BF1D24D29B21D2100897494 /* UtiltiesForApp */,
				7B0C24F929B21A1A0024D171 /* Main.storyboard */,
				7BF1D24C29B21D1400897494 /* Controller */,
				7B0C24FC29B21A1B0024D171 /* Assets.xcassets */,
				7B0C24FE29B21A1B0024D171 /* LaunchScreen.storyboard */,
				7B0C250129B21A1B0024D171 /* Info.plist */,
			);
			path = TableViewTekrar;
			sourceTree = "<group>";
		};
		7BF1D24C29B21D1400897494 /* Controller */ = {
			isa = PBXGroup;
			children = (
				7BF1D24929B21CF700897494 /* EmojiTableViewController.swift */,
				7BA0CFE529B38D64007EEA44 /* EmojiTableViewCell.swift */,
				7BA0CFE729B3935B007EEA44 /* EditEmojiTableViewController.swift */,
			);
			path = Controller;
			sourceTree = "<group>";
		};
		7BF1D24D29B21D2100897494 /* UtiltiesForApp */ = {
			isa = PBXGroup;
			children = (
				7B0C24F329B21A1A0024D171 /* AppDelegate.swift */,
				7B0C24F529B21A1A0024D171 /* SceneDelegate.swift */,
			);
			path = UtiltiesForApp;
			sourceTree = "<group>";
		};
		7BF1D24E29B21D4A00897494 /* Models */ = {
			isa = PBXGroup;
			children = (
				7BF1D24F29B21D5400897494 /* EmojiModel.swift */,
			);
			path = Models;
			sourceTree = "<group>";
		};
/* End PBXGroup section */

/* Begin PBXNativeTarget section */
		7B0C24EF29B21A1A0024D171 /* TableViewTekrar */ = {
			isa = PBXNativeTarget;
			buildConfigurationList = 7B0C250429B21A1B0024D171 /* Build configuration list for PBXNativeTarget "TableViewTekrar" */;
			buildPhases = (
				7B0C24EC29B21A1A0024D171 /* Sources */,
				7B0C24ED29B21A1A0024D171 /* Frameworks */,
				7B0C24EE29B21A1A0024D171 /* Resources */,
			);
			buildRules = (
			);
			dependencies = (
			);
			name = TableViewTekrar;
			productName = TableViewTekrar;
			productReference = 7B0C24F029B21A1A0024D171 /* TableViewTekrar.app */;
			productType = "com.apple.product-type.application";
		};
/* End PBXNativeTarget section */

/* Begin PBXProject section */
		7B0C24E829B21A1A0024D171 /* Project object */ = {
			isa = PBXProject;
			attributes = {
				BuildIndependentTargetsInParallel = 1;
				LastSwiftUpdateCheck = 1400;
				LastUpgradeCheck = 1400;
				TargetAttributes = {
					7B0C24EF29B21A1A0024D171 = {
						CreatedOnToolsVersion = 14.0;
					};
				};
			};
			buildConfigurationList = 7B0C24EB29B21A1A0024D171 /* Build configuration list for PBXProject "TableViewTekrar" */;
			compatibilityVersion = "Xcode 14.0";
			developmentRegion = en;
			hasScannedForEncodings = 0;
			knownRegions = (
				en,
				Base,
			);
			mainGroup = 7B0C24E729B21A1A0024D171;
			productRefGroup = 7B0C24F129B21A1A0024D171 /* Products */;
			projectDirPath = "";
			projectRoot = "";
			targets = (
				7B0C24EF29B21A1A0024D171 /* TableViewTekrar */,
			);
		};
/* End PBXProject section */

/* Begin PBXResourcesBuildPhase section */
		7B0C24EE29B21A1A0024D171 /* Resources */ = {
			isa = PBXResourcesBuildPhase;
			buildActionMask = 2147483647;
			files = (
				7B0C250029B21A1B0024D171 /* LaunchScreen.storyboard in Resources */,
				7B0C24FD29B21A1B0024D171 /* Assets.xcassets in Resources */,
				7B0C24FB29B21A1A0024D171 /* Main.storyboard in Resources */,
			);
			runOnlyForDeploymentPostprocessing = 0;
		};
/* End PBXResourcesBuildPhase section */

/* Begin PBXSourcesBuildPhase section */
		7B0C24EC29B21A1A0024D171 /* Sources */ = {
			isa = PBXSourcesBuildPhase;
			buildActionMask = 2147483647;
			files = (
				7BF1D25029B21D5400897494 /* EmojiModel.swift in Sources */,
				7BA0CFE829B3935B007EEA44 /* EditEmojiTableViewController.swift in Sources */,
				7B0C24F429B21A1A0024D171 /* AppDelegate.swift in Sources */,
				7BA0CFE629B38D64007EEA44 /* EmojiTableViewCell.swift in Sources */,
				7BF1D24A29B21CF700897494 /* EmojiTableViewController.swift in Sources */,
				7B0C24F629B21A1A0024D171 /* SceneDelegate.swift in Sources */,
			);
			runOnlyForDeploymentPostprocessing = 0;
		};
/* End PBXSourcesBuildPhase section */

/* Begin PBXVariantGroup section */
		7B0C24F929B21A1A0024D171 /* Main.storyboard */ = {
			isa = PBXVariantGroup;
			children = (
				7B0C24FA29B21A1A0024D171 /* Base */,
			);
			name = Main.storyboard;
			sourceTree = "<group>";
		};
		7B0C24FE29B21A1B0024D171 /* LaunchScreen.storyboard */ = {
			isa = PBXVariantGroup;
			children = (
				7B0C24FF29B21A1B0024D171 /* Base */,
			);
			name = LaunchScreen.storyboard;
			sourceTree = "<group>";
		};
/* End PBXVariantGroup section */

/* Begin XCBuildConfiguration section */
		7B0C250229B21A1B0024D171 /* Debug */ = {
			isa = XCBuildConfiguration;
			buildSettings = {
				ALWAYS_SEARCH_USER_PATHS = NO;
				CLANG_ANALYZER_NONNULL = YES;
				CLANG_ANALYZER_NUMBER_OBJECT_CONVERSION = YES_AGGRESSIVE;
				CLANG_CXX_LANGUAGE_STANDARD = "gnu++20";
				CLANG_ENABLE_MODULES = YES;
				CLANG_ENABLE_OBJC_ARC = YES;
				CLANG_ENABLE_OBJC_WEAK = YES;
				CLANG_WARN_BLOCK_CAPTURE_AUTORELEASING = YES;
				CLANG_WARN_BOOL_CONVERSION = YES;
				CLANG_WARN_COMMA = YES;
				CLANG_WARN_CONSTANT_CONVERSION = YES;
				CLANG_WARN_DEPRECATED_OBJC_IMPLEMENTATIONS = YES;
				CLANG_WARN_DIRECT_OBJC_ISA_USAGE = YES_ERROR;
				CLANG_WARN_DOCUMENTATION_COMMENTS = YES;
				CLANG_WARN_EMPTY_BODY = YES;
				CLANG_WARN_ENUM_CONVERSION = YES;
				CLANG_WARN_INFINITE_RECURSION = YES;
				CLANG_WARN_INT_CONVERSION = YES;
				CLANG_WARN_NON_LITERAL_NULL_CONVERSION = YES;
				CLANG_WARN_OBJC_IMPLICIT_RETAIN_SELF = YES;
				CLANG_WARN_OBJC_LITERAL_CONVERSION = YES;
				CLANG_WARN_OBJC_ROOT_CLASS = YES_ERROR;
				CLANG_WARN_QUOTED_INCLUDE_IN_FRAMEWORK_HEADER = YES;
				CLANG_WARN_RANGE_LOOP_ANALYSIS = YES;
				CLANG_WARN_STRICT_PROTOTYPES = YES;
				CLANG_WARN_SUSPICIOUS_MOVE = YES;
				CLANG_WARN_UNGUARDED_AVAILABILITY = YES_AGGRESSIVE;
				CLANG_WARN_UNREACHABLE_CODE = YES;
				CLANG_WARN__DUPLICATE_METHOD_MATCH = YES;
				COPY_PHASE_STRIP = NO;
				DEBUG_INFORMATION_FORMAT = dwarf;
				ENABLE_STRICT_OBJC_MSGSEND = YES;
				ENABLE_TESTABILITY = YES;
				GCC_C_LANGUAGE_STANDARD = gnu11;
				GCC_DYNAMIC_NO_PIC = NO;
				GCC_NO_COMMON_BLOCKS = YES;
				GCC_OPTIMIZATION_LEVEL = 0;
				GCC_PREPROCESSOR_DEFINITIONS = (
					"DEBUG=1",
					"$(inherited)",
				);
				GCC_WARN_64_TO_32_BIT_CONVERSION = YES;
				GCC_WARN_ABOUT_RETURN_TYPE = YES_ERROR;
				GCC_WARN_UNDECLARED_SELECTOR = YES;
				GCC_WARN_UNINITIALIZED_AUTOS = YES_AGGRESSIVE;
				GCC_WARN_UNUSED_FUNCTION = YES;
				GCC_WARN_UNUSED_VARIABLE = YES;
				IPHONEOS_DEPLOYMENT_TARGET = 16.0;
				MTL_ENABLE_DEBUG_INFO = INCLUDE_SOURCE;
				MTL_FAST_MATH = YES;
				ONLY_ACTIVE_ARCH = YES;
				SDKROOT = iphoneos;
				SWIFT_ACTIVE_COMPILATION_CONDITIONS = DEBUG;
				SWIFT_OPTIMIZATION_LEVEL = "-Onone";
			};
			name = Debug;
		};
		7B0C250329B21A1B0024D171 /* Release */ = {
			isa = XCBuildConfiguration;
			buildSettings = {
				ALWAYS_SEARCH_USER_PATHS = NO;
				CLANG_ANALYZER_NONNULL = YES;
				CLANG_ANALYZER_NUMBER_OBJECT_CONVERSION = YES_AGGRESSIVE;
				CLANG_CXX_LANGUAGE_STANDARD = "gnu++20";
				CLANG_ENABLE_MODULES = YES;
				CLANG_ENABLE_OBJC_ARC = YES;
				CLANG_ENABLE_OBJC_WEAK = YES;
				CLANG_WARN_BLOCK_CAPTURE_AUTORELEASING = YES;
				CLANG_WARN_BOOL_CONVERSION = YES;
				CLANG_WARN_COMMA = YES;
				CLANG_WARN_CONSTANT_CONVERSION = YES;
				CLANG_WARN_DEPRECATED_OBJC_IMPLEMENTATIONS = YES;
				CLANG_WARN_DIRECT_OBJC_ISA_USAGE = YES_ERROR;
				CLANG_WARN_DOCUMENTATION_COMMENTS = YES;
				CLANG_WARN_EMPTY_BODY = YES;
				CLANG_WARN_ENUM_CONVERSION = YES;
				CLANG_WARN_INFINITE_RECURSION = YES;
				CLANG_WARN_INT_CONVERSION = YES;
				CLANG_WARN_NON_LITERAL_NULL_CONVERSION = YES;
				CLANG_WARN_OBJC_IMPLICIT_RETAIN_SELF = YES;
				CLANG_WARN_OBJC_LITERAL_CONVERSION = YES;
				CLANG_WARN_OBJC_ROOT_CLASS = YES_ERROR;
				CLANG_WARN_QUOTED_INCLUDE_IN_FRAMEWORK_HEADER = YES;
				CLANG_WARN_RANGE_LOOP_ANALYSIS = YES;
				CLANG_WARN_STRICT_PROTOTYPES = YES;
				CLANG_WARN_SUSPICIOUS_MOVE = YES;
				CLANG_WARN_UNGUARDED_AVAILABILITY = YES_AGGRESSIVE;
				CLANG_WARN_UNREACHABLE_CODE = YES;
				CLANG_WARN__DUPLICATE_METHOD_MATCH = YES;
				COPY_PHASE_STRIP = NO;
				DEBUG_INFORMATION_FORMAT = "dwarf-with-dsym";
				ENABLE_NS_ASSERTIONS = NO;
				ENABLE_STRICT_OBJC_MSGSEND = YES;
				GCC_C_LANGUAGE_STANDARD = gnu11;
				GCC_NO_COMMON_BLOCKS = YES;
				GCC_WARN_64_TO_32_BIT_CONVERSION = YES;
				GCC_WARN_ABOUT_RETURN_TYPE = YES_ERROR;
				GCC_WARN_UNDECLARED_SELECTOR = YES;
				GCC_WARN_UNINITIALIZED_AUTOS = YES_AGGRESSIVE;
				GCC_WARN_UNUSED_FUNCTION = YES;
				GCC_WARN_UNUSED_VARIABLE = YES;
				IPHONEOS_DEPLOYMENT_TARGET = 16.0;
				MTL_ENABLE_DEBUG_INFO = NO;
				MTL_FAST_MATH = YES;
				SDKROOT = iphoneos;
				SWIFT_COMPILATION_MODE = wholemodule;
				SWIFT_OPTIMIZATION_LEVEL = "-O";
				VALIDATE_PRODUCT = YES;
			};
			name = Release;
		};
		7B0C250529B21A1B0024D171 /* Debug */ = {
			isa = XCBuildConfiguration;
			buildSettings = {
				ASSETCATALOG_COMPILER_APPICON_NAME = AppIcon;
				ASSETCATALOG_COMPILER_GLOBAL_ACCENT_COLOR_NAME = AccentColor;
				CODE_SIGN_STYLE = Automatic;
				CURRENT_PROJECT_VERSION = 1;
				DEVELOPMENT_TEAM = KTK732WRHB;
				GENERATE_INFOPLIST_FILE = YES;
				INFOPLIST_FILE = TableViewTekrar/Info.plist;
				INFOPLIST_KEY_UIApplicationSupportsIndirectInputEvents = YES;
				INFOPLIST_KEY_UILaunchStoryboardName = LaunchScreen;
				INFOPLIST_KEY_UIMainStoryboardFile = Main;
				INFOPLIST_KEY_UISupportedInterfaceOrientations_iPad = "UIInterfaceOrientationPortrait UIInterfaceOrientationPortraitUpsideDown UIInterfaceOrientationLandscapeLeft UIInterfaceOrientationLandscapeRight";
				INFOPLIST_KEY_UISupportedInterfaceOrientations_iPhone = "UIInterfaceOrientationPortrait UIInterfaceOrientationLandscapeLeft UIInterfaceOrientationLandscapeRight";
				LD_RUNPATH_SEARCH_PATHS = (
					"$(inherited)",
					"@executable_path/Frameworks",
				);
				MARKETING_VERSION = 1.0;
				PRODUCT_BUNDLE_IDENTIFIER = com.allymationes.TableViewTekrar;
				PRODUCT_NAME = "$(TARGET_NAME)";
				SWIFT_EMIT_LOC_STRINGS = YES;
				SWIFT_VERSION = 5.0;
				TARGETED_DEVICE_FAMILY = "1,2";
			};
			name = Debug;
		};
		7B0C250629B21A1B0024D171 /* Release */ = {
			isa = XCBuildConfiguration;
			buildSettings = {
				ASSETCATALOG_COMPILER_APPICON_NAME = AppIcon;
				ASSETCATALOG_COMPILER_GLOBAL_ACCENT_COLOR_NAME = AccentColor;
				CODE_SIGN_STYLE = Automatic;
				CURRENT_PROJECT_VERSION = 1;
				DEVELOPMENT_TEAM = KTK732WRHB;
				GENERATE_INFOPLIST_FILE = YES;
				INFOPLIST_FILE = TableViewTekrar/Info.plist;
				INFOPLIST_KEY_UIApplicationSupportsIndirectInputEvents = YES;
				INFOPLIST_KEY_UILaunchStoryboardName = LaunchScreen;
				INFOPLIST_KEY_UIMainStoryboardFile = Main;
				INFOPLIST_KEY_UISupportedInterfaceOrientations_iPad = "UIInterfaceOrientationPortrait UIInterfaceOrientationPortraitUpsideDown UIInterfaceOrientationLandscapeLeft UIInterfaceOrientationLandscapeRight";
				INFOPLIST_KEY_UISupportedInterfaceOrientations_iPhone = "UIInterfaceOrientationPortrait UIInterfaceOrientationLandscapeLeft UIInterfaceOrientationLandscapeRight";
				LD_RUNPATH_SEARCH_PATHS = (
					"$(inherited)",
					"@executable_path/Frameworks",
				);
				MARKETING_VERSION = 1.0;
				PRODUCT_BUNDLE_IDENTIFIER = com.allymationes.TableViewTekrar;
				PRODUCT_NAME = "$(TARGET_NAME)";
				SWIFT_EMIT_LOC_STRINGS = YES;
				SWIFT_VERSION = 5.0;
				TARGETED_DEVICE_FAMILY = "1,2";
			};
			name = Release;
		};
/* End XCBuildConfiguration section */

/* Begin XCConfigurationList section */
		7B0C24EB29B21A1A0024D171 /* Build configuration list for PBXProject "TableViewTekrar" */ = {
			isa = XCConfigurationList;
			buildConfigurations = (
				7B0C250229B21A1B0024D171 /* Debug */,
				7B0C250329B21A1B0024D171 /* Release */,
			);
			defaultConfigurationIsVisible = 0;
			defaultConfigurationName = Release;
		};
		7B0C250429B21A1B0024D171 /* Build configuration list for PBXNativeTarget "TableViewTekrar" */ = {
			isa = XCConfigurationList;
			buildConfigurations = (
				7B0C250529B21A1B0024D171 /* Debug */,
				7B0C250629B21A1B0024D171 /* Release */,
			);
			defaultConfigurationIsVisible = 0;
			defaultConfigurationName = Release;
		};
/* End XCConfigurationList section */
	};
	rootObject = 7B0C24E829B21A1A0024D171 /* Project object */;
}
